<?xml version="1.0" encoding="utf-8"?>
<Project ToolsVersion="4.0" xmlns="http://schemas.microsoft.com/developer/msbuild/2003">
  <ItemGroup>
    <Filter Include="Source Files">
      <UniqueIdentifier>{4FC737F1-C7A5-4376-A066-2A32D752A2FF}</UniqueIdentifier>
      <Extensions>cpp;c;cc;cxx;c++;cppm;ixx;def;odl;idl;hpj;bat;asm;asmx</Extensions>
    </Filter>
    <Filter Include="Header Files">
      <UniqueIdentifier>{93995380-89BD-4b04-88EB-625FBE52EBFB}</UniqueIdentifier>
      <Extensions>h;hh;hpp;hxx;h++;hm;inl;inc;ipp;xsd</Extensions>
    </Filter>
    <Filter Include="Resource Files">
      <UniqueIdentifier>{67DA6AB6-F800-4c08-8B7A-83BB121AAD01}</UniqueIdentifier>
      <Extensions>rc;ico;cur;bmp;dlg;rc2;rct;bin;rgs;gif;jpg;jpeg;jpe;resx;tiff;tif;png;wav;mfcribbon-ms</Extensions>
    </Filter>
  </ItemGroup>
  <ItemGroup>
    <ClCompile Include="src\main.cpp">
      <Filter>Source Files</Filter>
    </ClCompile>
    <ClCompile Include="src\pong.cpp">
      <Filter>Source Files</Filter>
    </ClCompile>
    <ClCompile Include="src\actors\actor.cpp">
      <Filter>Source Files</Filter>
    </ClCompile>
    <ClCompile Include="src\actors\racket.cpp">
      <Filter>Source Files</Filter>
    </ClCompile>
    <ClCompile Include="src\input\input_manager.cpp">
      <Filter>Source Files</Filter>
    </ClCompile>
    <ClCompile Include="src\render\render_manager.cpp">
      <Filter>Source Files</Filter>
    </ClCompile>
    <ClCompile Include="src\actors\actor_manager.cpp">
      <Filter>Source Files</Filter>
    </ClCompile>
    <ClCompile Include="src\physics\physics_manager.cpp">
      <Filter>Source Files</Filter>
    </ClCompile>
    <ClCompile Include="src\character\player.cpp">
      <Filter>Source Files</Filter>
    </ClCompile>
    <ClCompile Include="src\actors\ball.cpp">
      <Filter>Source Files</Filter>
    </ClCompile>
    <ClCompile Include="src\move\move_manager.cpp">
      <Filter>Source Files</Filter>
    </ClCompile>
    <ClCompile Include="src\actors\wall.cpp">
      <Filter>Source Files</Filter>
    </ClCompile>
    <ClCompile Include="src\character\ai.cpp">
      <Filter>Source Files</Filter>
    </ClCompile>
    <ClCompile Include="src\game\game_controller.cpp">
      <Filter>Source Files</Filter>
    </ClCompile>
    <ClCompile Include="src\character\character.cpp">
      <Filter>Source Files</Filter>
    </ClCompile>
    <ClCompile Include="src\scoreboard\scoreboard.cpp">
      <Filter>Source Files</Filter>
    </ClCompile>
    <ClCompile Include="src\scoreboard\score_number.cpp">
      <Filter>Source Files</Filter>
    </ClCompile>
    <ClCompile Include="src\effects\ball_effect.cpp">
      <Filter>Source Files</Filter>
    </ClCompile>
    <ClCompile Include="src\effects\effect_manager.cpp">
      <Filter>Source Files</Filter>
    </ClCompile>
    <ClCompile Include="src\utils\config_reader.cpp">
      <Filter>Source Files</Filter>
    </ClCompile>
  </ItemGroup>
  <ItemGroup>
    <ClInclude Include="include\pong\pong.h">
      <Filter>Header Files</Filter>
    </ClInclude>
    <ClInclude Include="include\pong\actors\actor.h">
      <Filter>Header Files</Filter>
    </ClInclude>
    <ClInclude Include="include\pong\actors\racket.h">
      <Filter>Header Files</Filter>
    </ClInclude>
    <ClInclude Include="include\pong\input\input_manager.h">
      <Filter>Header Files</Filter>
    </ClInclude>
    <ClInclude Include="include\pong\render\i_renderable.h">
      <Filter>Header Files</Filter>
    </ClInclude>
    <ClInclude Include="include\pong\move\i_moveable.h">
      <Filter>Header Files</Filter>
    </ClInclude>
    <ClInclude Include="include\pong\render\render_manager.h">
      <Filter>Header Files</Filter>
    </ClInclude>
    <ClInclude Include="include\pong\actors\actor_manager.h">
      <Filter>Header Files</Filter>
    </ClInclude>
    <ClInclude Include="include\pong\physics\physics_manager.h">
      <Filter>Header Files</Filter>
    </ClInclude>
    <ClInclude Include="include\pong\character\player.h">
      <Filter>Header Files</Filter>
    </ClInclude>
    <ClInclude Include="include\pong\utils\time.h">
      <Filter>Header Files</Filter>
    </ClInclude>
    <ClInclude Include="include\pong\actors\ball.h">
      <Filter>Header Files</Filter>
    </ClInclude>
    <ClInclude Include="include\pong\physics\i_collider.h">
      <Filter>Header Files</Filter>
    </ClInclude>
    <ClInclude Include="include\pong\move\move_manager.h">
      <Filter>Header Files</Filter>
    </ClInclude>
    <ClInclude Include="include\pong\physics\bounding_box.h">
      <Filter>Header Files</Filter>
    </ClInclude>
    <ClInclude Include="include\pong\actors\wall.h">
      <Filter>Header Files</Filter>
    </ClInclude>
    <ClInclude Include="include\pong\character\ai.h">
      <Filter>Header Files</Filter>
    </ClInclude>
    <ClInclude Include="include\pong\game\game_controller.h">
      <Filter>Header Files</Filter>
    </ClInclude>
    <ClInclude Include="include\pong\character\character.h">
      <Filter>Header Files</Filter>
    </ClInclude>
    <ClInclude Include="include\pong\scoreboard\scoreboard.h">
      <Filter>Header Files</Filter>
    </ClInclude>
    <ClInclude Include="include\pong\scoreboard\score_number.h">
      <Filter>Header Files</Filter>
    </ClInclude>
    <ClInclude Include="include\pong\utils\config_reader.h">
      <Filter>Header Files</Filter>
    </ClInclude>
    <ClInclude Include="include\pong\effects\ball_effect.h">
      <Filter>Header Files</Filter>
    </ClInclude>
    <ClInclude Include="include\pong\render\layers.h">
      <Filter>Header Files</Filter>
    </ClInclude>
    <ClInclude Include="include\pong\effects\effect_manager.h">
      <Filter>Header Files</Filter>
    </ClInclude>
  </ItemGroup>
</Project>